// !$*UTF8*$!
{
	archiveVersion = 1;
	classes = {
	};
	objectVersion = 46;
	objects = {

/* Begin PBXBuildFile section */
		3B91BD1969C536EE39B5E8D9 /* Pods_TokopediaDemo.framework in Frameworks */ = {isa = PBXBuildFile; fileRef = F80F5B0523C20346AF02C408 /* Pods_TokopediaDemo.framework */; };
		8416200B1F1500D200ADAAAD /* Main.storyboard in Resources */ = {isa = PBXBuildFile; fileRef = 841620091F1500D200ADAAAD /* Main.storyboard */; };
		8416200D1F1500D200ADAAAD /* Assets.xcassets in Resources */ = {isa = PBXBuildFile; fileRef = 8416200C1F1500D200ADAAAD /* Assets.xcassets */; };
		841620101F1500D200ADAAAD /* LaunchScreen.storyboard in Resources */ = {isa = PBXBuildFile; fileRef = 8416200E1F1500D200ADAAAD /* LaunchScreen.storyboard */; };
		8416201B1F1500D200ADAAAD /* TokopediaDemoTests.swift in Sources */ = {isa = PBXBuildFile; fileRef = 8416201A1F1500D200ADAAAD /* TokopediaDemoTests.swift */; };
		841620261F1500D300ADAAAD /* TokopediaDemoUITests.swift in Sources */ = {isa = PBXBuildFile; fileRef = 841620251F1500D300ADAAAD /* TokopediaDemoUITests.swift */; };
		841620351F15013600ADAAAD /* AppDelegate.swift in Sources */ = {isa = PBXBuildFile; fileRef = 841620341F15013600ADAAAD /* AppDelegate.swift */; };
		841620451F15036D00ADAAAD /* SearchViewController.swift in Sources */ = {isa = PBXBuildFile; fileRef = 841620441F15036D00ADAAAD /* SearchViewController.swift */; };
		8416204D1F1509EA00ADAAAD /* UITableView+UnusedLines.swift in Sources */ = {isa = PBXBuildFile; fileRef = 841620491F1509EA00ADAAAD /* UITableView+UnusedLines.swift */; };
		8416204E1F1509EA00ADAAAD /* UIView+RoundedCorners.swift in Sources */ = {isa = PBXBuildFile; fileRef = 8416204A1F1509EA00ADAAAD /* UIView+RoundedCorners.swift */; };
		8416204F1F1509EA00ADAAAD /* UIViewController+Alerts.swift in Sources */ = {isa = PBXBuildFile; fileRef = 8416204C1F1509EA00ADAAAD /* UIViewController+Alerts.swift */; };
		841620551F15453A00ADAAAD /* WebServiceConstants.swift in Sources */ = {isa = PBXBuildFile; fileRef = 841620541F15453A00ADAAAD /* WebServiceConstants.swift */; };
		8416205A1F15633C00ADAAAD /* Product.swift in Sources */ = {isa = PBXBuildFile; fileRef = 841620591F15633C00ADAAAD /* Product.swift */; };
		8416205C1F156B5C00ADAAAD /* ProductsListViewController.swift in Sources */ = {isa = PBXBuildFile; fileRef = 8416205B1F156B5C00ADAAAD /* ProductsListViewController.swift */; };
		841620621F156F1800ADAAAD /* ProductSearchService.swift in Sources */ = {isa = PBXBuildFile; fileRef = 841620601F156F1800ADAAAD /* ProductSearchService.swift */; };
		841620631F156F1800ADAAAD /* WebServicesBase.swift in Sources */ = {isa = PBXBuildFile; fileRef = 841620611F156F1800ADAAAD /* WebServicesBase.swift */; };
		841620651F156F6800ADAAAD /* ProductSearchBuilder.swift in Sources */ = {isa = PBXBuildFile; fileRef = 841620641F156F6800ADAAAD /* ProductSearchBuilder.swift */; };
		841620671F15717200ADAAAD /* ProductFilter.swift in Sources */ = {isa = PBXBuildFile; fileRef = 841620661F15717200ADAAAD /* ProductFilter.swift */; };
		845B23111F169FEE00D88E40 /* ProductFilterTableViewController.swift in Sources */ = {isa = PBXBuildFile; fileRef = 845B23101F169FEE00D88E40 /* ProductFilterTableViewController.swift */; };
		845B23131F16A72B00D88E40 /* FilterPriceTableViewCell.swift in Sources */ = {isa = PBXBuildFile; fileRef = 845B23121F16A72B00D88E40 /* FilterPriceTableViewCell.swift */; };
		845B23161F16A89F00D88E40 /* ShopTypesTableViewCell.swift in Sources */ = {isa = PBXBuildFile; fileRef = 845B23141F16A89F00D88E40 /* ShopTypesTableViewCell.swift */; };
		845B23171F16A89F00D88E40 /* ShopTypesTableViewCell.xib in Resources */ = {isa = PBXBuildFile; fileRef = 845B23151F16A89F00D88E40 /* ShopTypesTableViewCell.xib */; };
		845BB0B51F16317F00F236CA /* TPNumberFormatter.swift in Sources */ = {isa = PBXBuildFile; fileRef = 845BB0B41F16317F00F236CA /* TPNumberFormatter.swift */; };
		845BB0B71F16496A00F236CA /* ProductFilterViewController.swift in Sources */ = {isa = PBXBuildFile; fileRef = 845BB0B61F16496A00F236CA /* ProductFilterViewController.swift */; };
		845BB0B91F165B4D00F236CA /* ProductListCollectionViewController.swift in Sources */ = {isa = PBXBuildFile; fileRef = 845BB0B81F165B4D00F236CA /* ProductListCollectionViewController.swift */; };
		845BB0BC1F165BD500F236CA /* ProductCollectionViewCell.swift in Sources */ = {isa = PBXBuildFile; fileRef = 845BB0BA1F165BD500F236CA /* ProductCollectionViewCell.swift */; };
		84D786231F16E128003A6C25 /* TPRangeSlider.swift in Sources */ = {isa = PBXBuildFile; fileRef = 84D786221F16E128003A6C25 /* TPRangeSlider.swift */; };
		84D786251F16F229003A6C25 /* AppConstants.swift in Sources */ = {isa = PBXBuildFile; fileRef = 84D786241F16F229003A6C25 /* AppConstants.swift */; };
/* End PBXBuildFile section */

/* Begin PBXContainerItemProxy section */
		841620171F1500D200ADAAAD /* PBXContainerItemProxy */ = {
			isa = PBXContainerItemProxy;
			containerPortal = 84161FFA1F1500D200ADAAAD /* Project object */;
			proxyType = 1;
			remoteGlobalIDString = 841620011F1500D200ADAAAD;
			remoteInfo = TokopediaDemo;
		};
		841620221F1500D200ADAAAD /* PBXContainerItemProxy */ = {
			isa = PBXContainerItemProxy;
			containerPortal = 84161FFA1F1500D200ADAAAD /* Project object */;
			proxyType = 1;
			remoteGlobalIDString = 841620011F1500D200ADAAAD;
			remoteInfo = TokopediaDemo;
		};
/* End PBXContainerItemProxy section */

/* Begin PBXFileReference section */
		49BA8DE5497DC13BC5B5DEB3 /* Pods-TokopediaDemo.debug.xcconfig */ = {isa = PBXFileReference; includeInIndex = 1; lastKnownFileType = text.xcconfig; name = "Pods-TokopediaDemo.debug.xcconfig"; path = "Pods/Target Support Files/Pods-TokopediaDemo/Pods-TokopediaDemo.debug.xcconfig"; sourceTree = "<group>"; };
		841620021F1500D200ADAAAD /* TokopediaDemo.app */ = {isa = PBXFileReference; explicitFileType = wrapper.application; includeInIndex = 0; path = TokopediaDemo.app; sourceTree = BUILT_PRODUCTS_DIR; };
		8416200A1F1500D200ADAAAD /* Base */ = {isa = PBXFileReference; lastKnownFileType = file.storyboard; name = Base; path = Base.lproj/Main.storyboard; sourceTree = "<group>"; };
		8416200C1F1500D200ADAAAD /* Assets.xcassets */ = {isa = PBXFileReference; lastKnownFileType = folder.assetcatalog; path = Assets.xcassets; sourceTree = "<group>"; };
		8416200F1F1500D200ADAAAD /* Base */ = {isa = PBXFileReference; lastKnownFileType = file.storyboard; name = Base; path = Base.lproj/LaunchScreen.storyboard; sourceTree = "<group>"; };
		841620111F1500D200ADAAAD /* Info.plist */ = {isa = PBXFileReference; lastKnownFileType = text.plist.xml; path = Info.plist; sourceTree = "<group>"; };
		841620161F1500D200ADAAAD /* TokopediaDemoTests.xctest */ = {isa = PBXFileReference; explicitFileType = wrapper.cfbundle; includeInIndex = 0; path = TokopediaDemoTests.xctest; sourceTree = BUILT_PRODUCTS_DIR; };
		8416201A1F1500D200ADAAAD /* TokopediaDemoTests.swift */ = {isa = PBXFileReference; lastKnownFileType = sourcecode.swift; path = TokopediaDemoTests.swift; sourceTree = "<group>"; };
		8416201C1F1500D200ADAAAD /* Info.plist */ = {isa = PBXFileReference; lastKnownFileType = text.plist.xml; path = Info.plist; sourceTree = "<group>"; };
		841620211F1500D200ADAAAD /* TokopediaDemoUITests.xctest */ = {isa = PBXFileReference; explicitFileType = wrapper.cfbundle; includeInIndex = 0; path = TokopediaDemoUITests.xctest; sourceTree = BUILT_PRODUCTS_DIR; };
		841620251F1500D300ADAAAD /* TokopediaDemoUITests.swift */ = {isa = PBXFileReference; lastKnownFileType = sourcecode.swift; path = TokopediaDemoUITests.swift; sourceTree = "<group>"; };
		841620271F1500D300ADAAAD /* Info.plist */ = {isa = PBXFileReference; lastKnownFileType = text.plist.xml; path = Info.plist; sourceTree = "<group>"; };
		841620341F15013600ADAAAD /* AppDelegate.swift */ = {isa = PBXFileReference; fileEncoding = 4; lastKnownFileType = sourcecode.swift; path = AppDelegate.swift; sourceTree = "<group>"; };
		841620441F15036D00ADAAAD /* SearchViewController.swift */ = {isa = PBXFileReference; fileEncoding = 4; lastKnownFileType = sourcecode.swift; path = SearchViewController.swift; sourceTree = "<group>"; };
		841620491F1509EA00ADAAAD /* UITableView+UnusedLines.swift */ = {isa = PBXFileReference; fileEncoding = 4; lastKnownFileType = sourcecode.swift; path = "UITableView+UnusedLines.swift"; sourceTree = "<group>"; };
		8416204A1F1509EA00ADAAAD /* UIView+RoundedCorners.swift */ = {isa = PBXFileReference; fileEncoding = 4; lastKnownFileType = sourcecode.swift; path = "UIView+RoundedCorners.swift"; sourceTree = "<group>"; };
		8416204C1F1509EA00ADAAAD /* UIViewController+Alerts.swift */ = {isa = PBXFileReference; fileEncoding = 4; lastKnownFileType = sourcecode.swift; path = "UIViewController+Alerts.swift"; sourceTree = "<group>"; };
		841620541F15453A00ADAAAD /* WebServiceConstants.swift */ = {isa = PBXFileReference; fileEncoding = 4; lastKnownFileType = sourcecode.swift; path = WebServiceConstants.swift; sourceTree = "<group>"; };
		841620591F15633C00ADAAAD /* Product.swift */ = {isa = PBXFileReference; fileEncoding = 4; lastKnownFileType = sourcecode.swift; path = Product.swift; sourceTree = "<group>"; };
		8416205B1F156B5C00ADAAAD /* ProductsListViewController.swift */ = {isa = PBXFileReference; fileEncoding = 4; lastKnownFileType = sourcecode.swift; path = ProductsListViewController.swift; sourceTree = "<group>"; };
		841620601F156F1800ADAAAD /* ProductSearchService.swift */ = {isa = PBXFileReference; fileEncoding = 4; lastKnownFileType = sourcecode.swift; path = ProductSearchService.swift; sourceTree = "<group>"; };
		841620611F156F1800ADAAAD /* WebServicesBase.swift */ = {isa = PBXFileReference; fileEncoding = 4; lastKnownFileType = sourcecode.swift; path = WebServicesBase.swift; sourceTree = "<group>"; };
		841620641F156F6800ADAAAD /* ProductSearchBuilder.swift */ = {isa = PBXFileReference; fileEncoding = 4; lastKnownFileType = sourcecode.swift; path = ProductSearchBuilder.swift; sourceTree = "<group>"; };
		841620661F15717200ADAAAD /* ProductFilter.swift */ = {isa = PBXFileReference; fileEncoding = 4; lastKnownFileType = sourcecode.swift; path = ProductFilter.swift; sourceTree = "<group>"; };
		845B23101F169FEE00D88E40 /* ProductFilterTableViewController.swift */ = {isa = PBXFileReference; fileEncoding = 4; lastKnownFileType = sourcecode.swift; path = ProductFilterTableViewController.swift; sourceTree = "<group>"; };
		845B23121F16A72B00D88E40 /* FilterPriceTableViewCell.swift */ = {isa = PBXFileReference; fileEncoding = 4; lastKnownFileType = sourcecode.swift; path = FilterPriceTableViewCell.swift; sourceTree = "<group>"; };
		845B23141F16A89F00D88E40 /* ShopTypesTableViewCell.swift */ = {isa = PBXFileReference; fileEncoding = 4; lastKnownFileType = sourcecode.swift; path = ShopTypesTableViewCell.swift; sourceTree = "<group>"; };
		845B23151F16A89F00D88E40 /* ShopTypesTableViewCell.xib */ = {isa = PBXFileReference; fileEncoding = 4; lastKnownFileType = file.xib; path = ShopTypesTableViewCell.xib; sourceTree = "<group>"; };
		845BB0B41F16317F00F236CA /* TPNumberFormatter.swift */ = {isa = PBXFileReference; fileEncoding = 4; lastKnownFileType = sourcecode.swift; path = TPNumberFormatter.swift; sourceTree = "<group>"; };
		845BB0B61F16496A00F236CA /* ProductFilterViewController.swift */ = {isa = PBXFileReference; fileEncoding = 4; lastKnownFileType = sourcecode.swift; path = ProductFilterViewController.swift; sourceTree = "<group>"; };
		845BB0B81F165B4D00F236CA /* ProductListCollectionViewController.swift */ = {isa = PBXFileReference; fileEncoding = 4; lastKnownFileType = sourcecode.swift; path = ProductListCollectionViewController.swift; sourceTree = "<group>"; };
		845BB0BA1F165BD500F236CA /* ProductCollectionViewCell.swift */ = {isa = PBXFileReference; fileEncoding = 4; lastKnownFileType = sourcecode.swift; path = ProductCollectionViewCell.swift; sourceTree = "<group>"; };
		84D7861A1F16D130003A6C25 /* TokopediaDemo_Bridging_Header.h */ = {isa = PBXFileReference; lastKnownFileType = sourcecode.c.h; path = TokopediaDemo_Bridging_Header.h; sourceTree = "<group>"; };
		84D786221F16E128003A6C25 /* TPRangeSlider.swift */ = {isa = PBXFileReference; fileEncoding = 4; lastKnownFileType = sourcecode.swift; path = TPRangeSlider.swift; sourceTree = "<group>"; };
		84D786241F16F229003A6C25 /* AppConstants.swift */ = {isa = PBXFileReference; fileEncoding = 4; lastKnownFileType = sourcecode.swift; path = AppConstants.swift; sourceTree = "<group>"; };
		B5E67FF05BCE7A6EE30AD0C2 /* Pods-TokopediaDemo.release.xcconfig */ = {isa = PBXFileReference; includeInIndex = 1; lastKnownFileType = text.xcconfig; name = "Pods-TokopediaDemo.release.xcconfig"; path = "Pods/Target Support Files/Pods-TokopediaDemo/Pods-TokopediaDemo.release.xcconfig"; sourceTree = "<group>"; };
		F80F5B0523C20346AF02C408 /* Pods_TokopediaDemo.framework */ = {isa = PBXFileReference; explicitFileType = wrapper.framework; includeInIndex = 0; path = Pods_TokopediaDemo.framework; sourceTree = BUILT_PRODUCTS_DIR; };
/* End PBXFileReference section */

/* Begin PBXFrameworksBuildPhase section */
		84161FFF1F1500D200ADAAAD /* Frameworks */ = {
			isa = PBXFrameworksBuildPhase;
			buildActionMask = 2147483647;
			files = (
				3B91BD1969C536EE39B5E8D9 /* Pods_TokopediaDemo.framework in Frameworks */,
			);
			runOnlyForDeploymentPostprocessing = 0;
		};
		841620131F1500D200ADAAAD /* Frameworks */ = {
			isa = PBXFrameworksBuildPhase;
			buildActionMask = 2147483647;
			files = (
			);
			runOnlyForDeploymentPostprocessing = 0;
		};
		8416201E1F1500D200ADAAAD /* Frameworks */ = {
			isa = PBXFrameworksBuildPhase;
			buildActionMask = 2147483647;
			files = (
			);
			runOnlyForDeploymentPostprocessing = 0;
		};
/* End PBXFrameworksBuildPhase section */

/* Begin PBXGroup section */
		0E40F38F09F3586263A578B0 /* Pods */ = {
			isa = PBXGroup;
			children = (
				49BA8DE5497DC13BC5B5DEB3 /* Pods-TokopediaDemo.debug.xcconfig */,
				B5E67FF05BCE7A6EE30AD0C2 /* Pods-TokopediaDemo.release.xcconfig */,
			);
			name = Pods;
			sourceTree = "<group>";
		};
		5F8A0BBAA9FB428E88B34741 /* Frameworks */ = {
			isa = PBXGroup;
			children = (
				F80F5B0523C20346AF02C408 /* Pods_TokopediaDemo.framework */,
			);
			name = Frameworks;
			sourceTree = "<group>";
		};
		84161FF91F1500D200ADAAAD = {
			isa = PBXGroup;
			children = (
				841620041F1500D200ADAAAD /* TokopediaDemo */,
				841620191F1500D200ADAAAD /* TokopediaDemoTests */,
				841620241F1500D200ADAAAD /* TokopediaDemoUITests */,
				841620031F1500D200ADAAAD /* Products */,
				0E40F38F09F3586263A578B0 /* Pods */,
				5F8A0BBAA9FB428E88B34741 /* Frameworks */,
			);
			sourceTree = "<group>";
		};
		841620031F1500D200ADAAAD /* Products */ = {
			isa = PBXGroup;
			children = (
				841620021F1500D200ADAAAD /* TokopediaDemo.app */,
				841620161F1500D200ADAAAD /* TokopediaDemoTests.xctest */,
				841620211F1500D200ADAAAD /* TokopediaDemoUITests.xctest */,
			);
			name = Products;
			sourceTree = "<group>";
		};
		841620041F1500D200ADAAAD /* TokopediaDemo */ = {
			isa = PBXGroup;
			children = (
				8416205D1F156F1800ADAAAD /* Networking */,
				841620581F1562D700ADAAAD /* Model */,
				841620531F15453A00ADAAAD /* Constants */,
				841620461F1509EA00ADAAAD /* Common */,
				841620361F15031A00ADAAAD /* Modules */,
				841620331F15013600ADAAAD /* AppDelegate */,
				84D786201F16D5C2003A6C25 /* Storyboard */,
				84D7861F1F16D5B1003A6C25 /* OtherResources */,
			);
			path = TokopediaDemo;
			sourceTree = "<group>";
		};
		841620191F1500D200ADAAAD /* TokopediaDemoTests */ = {
			isa = PBXGroup;
			children = (
				8416201A1F1500D200ADAAAD /* TokopediaDemoTests.swift */,
				8416201C1F1500D200ADAAAD /* Info.plist */,
			);
			path = TokopediaDemoTests;
			sourceTree = "<group>";
		};
		841620241F1500D200ADAAAD /* TokopediaDemoUITests */ = {
			isa = PBXGroup;
			children = (
				841620251F1500D300ADAAAD /* TokopediaDemoUITests.swift */,
				841620271F1500D300ADAAAD /* Info.plist */,
			);
			path = TokopediaDemoUITests;
			sourceTree = "<group>";
		};
		841620331F15013600ADAAAD /* AppDelegate */ = {
			isa = PBXGroup;
			children = (
				841620341F15013600ADAAAD /* AppDelegate.swift */,
			);
			path = AppDelegate;
			sourceTree = "<group>";
		};
		841620361F15031A00ADAAAD /* Modules */ = {
			isa = PBXGroup;
			children = (
				841620371F15031A00ADAAAD /* ProductFilter */,
				8416203A1F15031A00ADAAAD /* ProductList */,
				8416203D1F15031A00ADAAAD /* Search */,
				8416203F1F15031A00ADAAAD /* ShopTypes */,
			);
			path = Modules;
			sourceTree = "<group>";
		};
		841620371F15031A00ADAAAD /* ProductFilter */ = {
			isa = PBXGroup;
			children = (
				84D786211F16E093003A6C25 /* Views */,
				841620381F15031A00ADAAAD /* Cells */,
				841620391F15031A00ADAAAD /* ViewController */,
			);
			path = ProductFilter;
			sourceTree = "<group>";
		};
		841620381F15031A00ADAAAD /* Cells */ = {
			isa = PBXGroup;
			children = (
				845B23121F16A72B00D88E40 /* FilterPriceTableViewCell.swift */,
				845B23141F16A89F00D88E40 /* ShopTypesTableViewCell.swift */,
				845B23151F16A89F00D88E40 /* ShopTypesTableViewCell.xib */,
			);
			path = Cells;
			sourceTree = "<group>";
		};
		841620391F15031A00ADAAAD /* ViewController */ = {
			isa = PBXGroup;
			children = (
				845BB0B61F16496A00F236CA /* ProductFilterViewController.swift */,
				845B23101F169FEE00D88E40 /* ProductFilterTableViewController.swift */,
			);
			path = ViewController;
			sourceTree = "<group>";
		};
		8416203A1F15031A00ADAAAD /* ProductList */ = {
			isa = PBXGroup;
			children = (
				8416203B1F15031A00ADAAAD /* Cells */,
				8416203C1F15031A00ADAAAD /* ViewController */,
			);
			path = ProductList;
			sourceTree = "<group>";
		};
		8416203B1F15031A00ADAAAD /* Cells */ = {
			isa = PBXGroup;
			children = (
				845BB0BA1F165BD500F236CA /* ProductCollectionViewCell.swift */,
			);
			path = Cells;
			sourceTree = "<group>";
		};
		8416203C1F15031A00ADAAAD /* ViewController */ = {
			isa = PBXGroup;
			children = (
				8416205B1F156B5C00ADAAAD /* ProductsListViewController.swift */,
				845BB0B81F165B4D00F236CA /* ProductListCollectionViewController.swift */,
			);
			path = ViewController;
			sourceTree = "<group>";
		};
		8416203D1F15031A00ADAAAD /* Search */ = {
			isa = PBXGroup;
			children = (
				8416203E1F15031A00ADAAAD /* ViewController */,
			);
			path = Search;
			sourceTree = "<group>";
		};
		8416203E1F15031A00ADAAAD /* ViewController */ = {
			isa = PBXGroup;
			children = (
				841620441F15036D00ADAAAD /* SearchViewController.swift */,
			);
			path = ViewController;
			sourceTree = "<group>";
		};
		8416203F1F15031A00ADAAAD /* ShopTypes */ = {
			isa = PBXGroup;
			children = (
				841620401F15031A00ADAAAD /* Cells */,
				841620411F15031A00ADAAAD /* ViewController */,
			);
			path = ShopTypes;
			sourceTree = "<group>";
		};
		841620401F15031A00ADAAAD /* Cells */ = {
			isa = PBXGroup;
			children = (
			);
			path = Cells;
			sourceTree = "<group>";
		};
		841620411F15031A00ADAAAD /* ViewController */ = {
			isa = PBXGroup;
			children = (
			);
			path = ViewController;
			sourceTree = "<group>";
		};
		841620461F1509EA00ADAAAD /* Common */ = {
			isa = PBXGroup;
			children = (
				845BB0B31F16313700F236CA /* Utilities */,
				841620471F1509EA00ADAAAD /* Extensions */,
			);
			path = Common;
			sourceTree = "<group>";
		};
		841620471F1509EA00ADAAAD /* Extensions */ = {
			isa = PBXGroup;
			children = (
				841620481F1509EA00ADAAAD /* UIView */,
				8416204B1F1509EA00ADAAAD /* ViewController */,
			);
			path = Extensions;
			sourceTree = "<group>";
		};
		841620481F1509EA00ADAAAD /* UIView */ = {
			isa = PBXGroup;
			children = (
				841620491F1509EA00ADAAAD /* UITableView+UnusedLines.swift */,
				8416204A1F1509EA00ADAAAD /* UIView+RoundedCorners.swift */,
			);
			path = UIView;
			sourceTree = "<group>";
		};
		8416204B1F1509EA00ADAAAD /* ViewController */ = {
			isa = PBXGroup;
			children = (
				8416204C1F1509EA00ADAAAD /* UIViewController+Alerts.swift */,
			);
			path = ViewController;
			sourceTree = "<group>";
		};
		841620531F15453A00ADAAAD /* Constants */ = {
			isa = PBXGroup;
			children = (
				841620541F15453A00ADAAAD /* WebServiceConstants.swift */,
				84D786241F16F229003A6C25 /* AppConstants.swift */,
			);
			path = Constants;
			sourceTree = "<group>";
		};
		841620581F1562D700ADAAAD /* Model */ = {
			isa = PBXGroup;
			children = (
				841620591F15633C00ADAAAD /* Product.swift */,
				841620661F15717200ADAAAD /* ProductFilter.swift */,
			);
			path = Model;
			sourceTree = "<group>";
		};
		8416205D1F156F1800ADAAAD /* Networking */ = {
			isa = PBXGroup;
			children = (
				8416205E1F156F1800ADAAAD /* Builders */,
				8416205F1F156F1800ADAAAD /* WebServices */,
			);
			path = Networking;
			sourceTree = "<group>";
		};
		8416205E1F156F1800ADAAAD /* Builders */ = {
			isa = PBXGroup;
			children = (
				841620641F156F6800ADAAAD /* ProductSearchBuilder.swift */,
			);
			path = Builders;
			sourceTree = "<group>";
		};
		8416205F1F156F1800ADAAAD /* WebServices */ = {
			isa = PBXGroup;
			children = (
				841620601F156F1800ADAAAD /* ProductSearchService.swift */,
				841620611F156F1800ADAAAD /* WebServicesBase.swift */,
			);
			path = WebServices;
			sourceTree = "<group>";
		};
		845BB0B31F16313700F236CA /* Utilities */ = {
			isa = PBXGroup;
			children = (
				845BB0B41F16317F00F236CA /* TPNumberFormatter.swift */,
			);
			path = Utilities;
			sourceTree = "<group>";
		};
		84D7861F1F16D5B1003A6C25 /* OtherResources */ = {
			isa = PBXGroup;
			children = (
				8416200C1F1500D200ADAAAD /* Assets.xcassets */,
				8416200E1F1500D200ADAAAD /* LaunchScreen.storyboard */,
				841620111F1500D200ADAAAD /* Info.plist */,
				84D7861A1F16D130003A6C25 /* TokopediaDemo_Bridging_Header.h */,
			);
			name = OtherResources;
			sourceTree = "<group>";
		};
		84D786201F16D5C2003A6C25 /* Storyboard */ = {
			isa = PBXGroup;
			children = (
				841620091F1500D200ADAAAD /* Main.storyboard */,
			);
			name = Storyboard;
			sourceTree = "<group>";
		};
		84D786211F16E093003A6C25 /* Views */ = {
			isa = PBXGroup;
			children = (
				84D786221F16E128003A6C25 /* TPRangeSlider.swift */,
			);
			path = Views;
			sourceTree = "<group>";
		};
/* End PBXGroup section */

/* Begin PBXNativeTarget section */
		841620011F1500D200ADAAAD /* TokopediaDemo */ = {
			isa = PBXNativeTarget;
			buildConfigurationList = 8416202A1F1500D300ADAAAD /* Build configuration list for PBXNativeTarget "TokopediaDemo" */;
			buildPhases = (
				959E40DBFE17DE080C325824 /* [CP] Check Pods Manifest.lock */,
				84161FFE1F1500D200ADAAAD /* Sources */,
				84161FFF1F1500D200ADAAAD /* Frameworks */,
				841620001F1500D200ADAAAD /* Resources */,
				7061821E25A36D6B64530C2E /* [CP] Embed Pods Frameworks */,
				042C0013D68091D97D1FD219 /* [CP] Copy Pods Resources */,
			);
			buildRules = (
			);
			dependencies = (
			);
			name = TokopediaDemo;
			productName = TokopediaDemo;
			productReference = 841620021F1500D200ADAAAD /* TokopediaDemo.app */;
			productType = "com.apple.product-type.application";
		};
		841620151F1500D200ADAAAD /* TokopediaDemoTests */ = {
			isa = PBXNativeTarget;
			buildConfigurationList = 8416202D1F1500D300ADAAAD /* Build configuration list for PBXNativeTarget "TokopediaDemoTests" */;
			buildPhases = (
				841620121F1500D200ADAAAD /* Sources */,
				841620131F1500D200ADAAAD /* Frameworks */,
				841620141F1500D200ADAAAD /* Resources */,
			);
			buildRules = (
			);
			dependencies = (
				841620181F1500D200ADAAAD /* PBXTargetDependency */,
			);
			name = TokopediaDemoTests;
			productName = TokopediaDemoTests;
			productReference = 841620161F1500D200ADAAAD /* TokopediaDemoTests.xctest */;
			productType = "com.apple.product-type.bundle.unit-test";
		};
		841620201F1500D200ADAAAD /* TokopediaDemoUITests */ = {
			isa = PBXNativeTarget;
			buildConfigurationList = 841620301F1500D300ADAAAD /* Build configuration list for PBXNativeTarget "TokopediaDemoUITests" */;
			buildPhases = (
				8416201D1F1500D200ADAAAD /* Sources */,
				8416201E1F1500D200ADAAAD /* Frameworks */,
				8416201F1F1500D200ADAAAD /* Resources */,
			);
			buildRules = (
			);
			dependencies = (
				841620231F1500D200ADAAAD /* PBXTargetDependency */,
			);
			name = TokopediaDemoUITests;
			productName = TokopediaDemoUITests;
			productReference = 841620211F1500D200ADAAAD /* TokopediaDemoUITests.xctest */;
			productType = "com.apple.product-type.bundle.ui-testing";
		};
/* End PBXNativeTarget section */

/* Begin PBXProject section */
		84161FFA1F1500D200ADAAAD /* Project object */ = {
			isa = PBXProject;
			attributes = {
				LastSwiftUpdateCheck = 0830;
				LastUpgradeCheck = 0830;
				ORGANIZATIONNAME = Tokopedia;
				TargetAttributes = {
					841620011F1500D200ADAAAD = {
						CreatedOnToolsVersion = 8.3.2;
						DevelopmentTeam = 2BUF3G8WJB;
						ProvisioningStyle = Automatic;
					};
					841620151F1500D200ADAAAD = {
						CreatedOnToolsVersion = 8.3.2;
						DevelopmentTeam = 2BUF3G8WJB;
						ProvisioningStyle = Automatic;
						TestTargetID = 841620011F1500D200ADAAAD;
					};
					841620201F1500D200ADAAAD = {
						CreatedOnToolsVersion = 8.3.2;
						DevelopmentTeam = 2BUF3G8WJB;
						ProvisioningStyle = Automatic;
						TestTargetID = 841620011F1500D200ADAAAD;
					};
				};
			};
			buildConfigurationList = 84161FFD1F1500D200ADAAAD /* Build configuration list for PBXProject "TokopediaDemo" */;
			compatibilityVersion = "Xcode 3.2";
			developmentRegion = English;
			hasScannedForEncodings = 0;
			knownRegions = (
				en,
				Base,
			);
			mainGroup = 84161FF91F1500D200ADAAAD;
			productRefGroup = 841620031F1500D200ADAAAD /* Products */;
			projectDirPath = "";
			projectRoot = "";
			targets = (
				841620011F1500D200ADAAAD /* TokopediaDemo */,
				841620151F1500D200ADAAAD /* TokopediaDemoTests */,
				841620201F1500D200ADAAAD /* TokopediaDemoUITests */,
			);
		};
/* End PBXProject section */

/* Begin PBXResourcesBuildPhase section */
		841620001F1500D200ADAAAD /* Resources */ = {
			isa = PBXResourcesBuildPhase;
			buildActionMask = 2147483647;
			files = (
				841620101F1500D200ADAAAD /* LaunchScreen.storyboard in Resources */,
				845B23171F16A89F00D88E40 /* ShopTypesTableViewCell.xib in Resources */,
				8416200D1F1500D200ADAAAD /* Assets.xcassets in Resources */,
				8416200B1F1500D200ADAAAD /* Main.storyboard in Resources */,
			);
			runOnlyForDeploymentPostprocessing = 0;
		};
		841620141F1500D200ADAAAD /* Resources */ = {
			isa = PBXResourcesBuildPhase;
			buildActionMask = 2147483647;
			files = (
			);
			runOnlyForDeploymentPostprocessing = 0;
		};
		8416201F1F1500D200ADAAAD /* Resources */ = {
			isa = PBXResourcesBuildPhase;
			buildActionMask = 2147483647;
			files = (
			);
			runOnlyForDeploymentPostprocessing = 0;
		};
/* End PBXResourcesBuildPhase section */

/* Begin PBXShellScriptBuildPhase section */
		042C0013D68091D97D1FD219 /* [CP] Copy Pods Resources */ = {
			isa = PBXShellScriptBuildPhase;
			buildActionMask = 2147483647;
			files = (
			);
			inputPaths = (
			);
			name = "[CP] Copy Pods Resources";
			outputPaths = (
			);
			runOnlyForDeploymentPostprocessing = 0;
			shellPath = /bin/sh;
			shellScript = "\"${SRCROOT}/Pods/Target Support Files/Pods-TokopediaDemo/Pods-TokopediaDemo-resources.sh\"\n";
			showEnvVarsInLog = 0;
		};
		7061821E25A36D6B64530C2E /* [CP] Embed Pods Frameworks */ = {
			isa = PBXShellScriptBuildPhase;
			buildActionMask = 2147483647;
			files = (
			);
			inputPaths = (
			);
			name = "[CP] Embed Pods Frameworks";
			outputPaths = (
			);
			runOnlyForDeploymentPostprocessing = 0;
			shellPath = /bin/sh;
			shellScript = "\"${SRCROOT}/Pods/Target Support Files/Pods-TokopediaDemo/Pods-TokopediaDemo-frameworks.sh\"\n";
			showEnvVarsInLog = 0;
		};
		959E40DBFE17DE080C325824 /* [CP] Check Pods Manifest.lock */ = {
			isa = PBXShellScriptBuildPhase;
			buildActionMask = 2147483647;
			files = (
			);
			inputPaths = (
			);
			name = "[CP] Check Pods Manifest.lock";
			outputPaths = (
			);
			runOnlyForDeploymentPostprocessing = 0;
			shellPath = /bin/sh;
			shellScript = "diff \"${PODS_ROOT}/../Podfile.lock\" \"${PODS_ROOT}/Manifest.lock\" > /dev/null\nif [ $? != 0 ] ; then\n    # print error to STDERR\n    echo \"error: The sandbox is not in sync with the Podfile.lock. Run 'pod install' or update your CocoaPods installation.\" >&2\n    exit 1\nfi\n";
			showEnvVarsInLog = 0;
		};
/* End PBXShellScriptBuildPhase section */

/* Begin PBXSourcesBuildPhase section */
		84161FFE1F1500D200ADAAAD /* Sources */ = {
			isa = PBXSourcesBuildPhase;
			buildActionMask = 2147483647;
			files = (
				841620451F15036D00ADAAAD /* SearchViewController.swift in Sources */,
				841620671F15717200ADAAAD /* ProductFilter.swift in Sources */,
				845BB0BC1F165BD500F236CA /* ProductCollectionViewCell.swift in Sources */,
				841620631F156F1800ADAAAD /* WebServicesBase.swift in Sources */,
				84D786251F16F229003A6C25 /* AppConstants.swift in Sources */,
				841620351F15013600ADAAAD /* AppDelegate.swift in Sources */,
				8416205A1F15633C00ADAAAD /* Product.swift in Sources */,
				845BB0B91F165B4D00F236CA /* ProductListCollectionViewController.swift in Sources */,
				841620621F156F1800ADAAAD /* ProductSearchService.swift in Sources */,
				8416204D1F1509EA00ADAAAD /* UITableView+UnusedLines.swift in Sources */,
				845B23161F16A89F00D88E40 /* ShopTypesTableViewCell.swift in Sources */,
				84D786231F16E128003A6C25 /* TPRangeSlider.swift in Sources */,
				841620551F15453A00ADAAAD /* WebServiceConstants.swift in Sources */,
				845BB0B71F16496A00F236CA /* ProductFilterViewController.swift in Sources */,
				845BB0B51F16317F00F236CA /* TPNumberFormatter.swift in Sources */,
				8416205C1F156B5C00ADAAAD /* ProductsListViewController.swift in Sources */,
				845B23131F16A72B00D88E40 /* FilterPriceTableViewCell.swift in Sources */,
				8416204F1F1509EA00ADAAAD /* UIViewController+Alerts.swift in Sources */,
				8416204E1F1509EA00ADAAAD /* UIView+RoundedCorners.swift in Sources */,
				841620651F156F6800ADAAAD /* ProductSearchBuilder.swift in Sources */,
				845B23111F169FEE00D88E40 /* ProductFilterTableViewController.swift in Sources */,
			);
			runOnlyForDeploymentPostprocessing = 0;
		};
		841620121F1500D200ADAAAD /* Sources */ = {
			isa = PBXSourcesBuildPhase;
			buildActionMask = 2147483647;
			files = (
				8416201B1F1500D200ADAAAD /* TokopediaDemoTests.swift in Sources */,
			);
			runOnlyForDeploymentPostprocessing = 0;
		};
		8416201D1F1500D200ADAAAD /* Sources */ = {
			isa = PBXSourcesBuildPhase;
			buildActionMask = 2147483647;
			files = (
				841620261F1500D300ADAAAD /* TokopediaDemoUITests.swift in Sources */,
			);
			runOnlyForDeploymentPostprocessing = 0;
		};
/* End PBXSourcesBuildPhase section */

/* Begin PBXTargetDependency section */
		841620181F1500D200ADAAAD /* PBXTargetDependency */ = {
			isa = PBXTargetDependency;
			target = 841620011F1500D200ADAAAD /* TokopediaDemo */;
			targetProxy = 841620171F1500D200ADAAAD /* PBXContainerItemProxy */;
		};
		841620231F1500D200ADAAAD /* PBXTargetDependency */ = {
			isa = PBXTargetDependency;
			target = 841620011F1500D200ADAAAD /* TokopediaDemo */;
			targetProxy = 841620221F1500D200ADAAAD /* PBXContainerItemProxy */;
		};
/* End PBXTargetDependency section */

/* Begin PBXVariantGroup section */
		841620091F1500D200ADAAAD /* Main.storyboard */ = {
			isa = PBXVariantGroup;
			children = (
				8416200A1F1500D200ADAAAD /* Base */,
			);
			name = Main.storyboard;
			sourceTree = "<group>";
		};
		8416200E1F1500D200ADAAAD /* LaunchScreen.storyboard */ = {
			isa = PBXVariantGroup;
			children = (
				8416200F1F1500D200ADAAAD /* Base */,
			);
			name = LaunchScreen.storyboard;
			sourceTree = "<group>";
		};
/* End PBXVariantGroup section */

/* Begin XCBuildConfiguration section */
		841620281F1500D300ADAAAD /* Debug */ = {
			isa = XCBuildConfiguration;
			buildSettings = {
				ALWAYS_SEARCH_USER_PATHS = NO;
				CLANG_ANALYZER_NONNULL = YES;
				CLANG_ANALYZER_NUMBER_OBJECT_CONVERSION = YES_AGGRESSIVE;
				CLANG_CXX_LANGUAGE_STANDARD = "gnu++0x";
				CLANG_CXX_LIBRARY = "libc++";
				CLANG_ENABLE_MODULES = YES;
				CLANG_ENABLE_OBJC_ARC = YES;
				CLANG_WARN_BOOL_CONVERSION = YES;
				CLANG_WARN_CONSTANT_CONVERSION = YES;
				CLANG_WARN_DIRECT_OBJC_ISA_USAGE = YES_ERROR;
				CLANG_WARN_DOCUMENTATION_COMMENTS = YES;
				CLANG_WARN_EMPTY_BODY = YES;
				CLANG_WARN_ENUM_CONVERSION = YES;
				CLANG_WARN_INFINITE_RECURSION = YES;
				CLANG_WARN_INT_CONVERSION = YES;
				CLANG_WARN_OBJC_ROOT_CLASS = YES_ERROR;
				CLANG_WARN_SUSPICIOUS_MOVE = YES;
				CLANG_WARN_UNREACHABLE_CODE = YES;
				CLANG_WARN__DUPLICATE_METHOD_MATCH = YES;
				"CODE_SIGN_IDENTITY[sdk=iphoneos*]" = "iPhone Developer";
				COPY_PHASE_STRIP = NO;
				DEBUG_INFORMATION_FORMAT = dwarf;
				ENABLE_STRICT_OBJC_MSGSEND = YES;
				ENABLE_TESTABILITY = YES;
				GCC_C_LANGUAGE_STANDARD = gnu99;
				GCC_DYNAMIC_NO_PIC = NO;
				GCC_NO_COMMON_BLOCKS = YES;
				GCC_OPTIMIZATION_LEVEL = 0;
				GCC_PREPROCESSOR_DEFINITIONS = (
					"DEBUG=1",
					"$(inherited)",
				);
				GCC_WARN_64_TO_32_BIT_CONVERSION = YES;
				GCC_WARN_ABOUT_RETURN_TYPE = YES_ERROR;
				GCC_WARN_UNDECLARED_SELECTOR = YES;
				GCC_WARN_UNINITIALIZED_AUTOS = YES_AGGRESSIVE;
				GCC_WARN_UNUSED_FUNCTION = YES;
				GCC_WARN_UNUSED_VARIABLE = YES;
				IPHONEOS_DEPLOYMENT_TARGET = 10.3;
				MTL_ENABLE_DEBUG_INFO = YES;
				ONLY_ACTIVE_ARCH = YES;
				SDKROOT = iphoneos;
				SWIFT_ACTIVE_COMPILATION_CONDITIONS = DEBUG;
				SWIFT_OPTIMIZATION_LEVEL = "-Onone";
			};
			name = Debug;
		};
		841620291F1500D300ADAAAD /* Release */ = {
			isa = XCBuildConfiguration;
			buildSettings = {
				ALWAYS_SEARCH_USER_PATHS = NO;
				CLANG_ANALYZER_NONNULL = YES;
				CLANG_ANALYZER_NUMBER_OBJECT_CONVERSION = YES_AGGRESSIVE;
				CLANG_CXX_LANGUAGE_STANDARD = "gnu++0x";
				CLANG_CXX_LIBRARY = "libc++";
				CLANG_ENABLE_MODULES = YES;
				CLANG_ENABLE_OBJC_ARC = YES;
				CLANG_WARN_BOOL_CONVERSION = YES;
				CLANG_WARN_CONSTANT_CONVERSION = YES;
				CLANG_WARN_DIRECT_OBJC_ISA_USAGE = YES_ERROR;
				CLANG_WARN_DOCUMENTATION_COMMENTS = YES;
				CLANG_WARN_EMPTY_BODY = YES;
				CLANG_WARN_ENUM_CONVERSION = YES;
				CLANG_WARN_INFINITE_RECURSION = YES;
				CLANG_WARN_INT_CONVERSION = YES;
				CLANG_WARN_OBJC_ROOT_CLASS = YES_ERROR;
				CLANG_WARN_SUSPICIOUS_MOVE = YES;
				CLANG_WARN_UNREACHABLE_CODE = YES;
				CLANG_WARN__DUPLICATE_METHOD_MATCH = YES;
				"CODE_SIGN_IDENTITY[sdk=iphoneos*]" = "iPhone Developer";
				COPY_PHASE_STRIP = NO;
				DEBUG_INFORMATION_FORMAT = "dwarf-with-dsym";
				ENABLE_NS_ASSERTIONS = NO;
				ENABLE_STRICT_OBJC_MSGSEND = YES;
				GCC_C_LANGUAGE_STANDARD = gnu99;
				GCC_NO_COMMON_BLOCKS = YES;
				GCC_WARN_64_TO_32_BIT_CONVERSION = YES;
				GCC_WARN_ABOUT_RETURN_TYPE = YES_ERROR;
				GCC_WARN_UNDECLARED_SELECTOR = YES;
				GCC_WARN_UNINITIALIZED_AUTOS = YES_AGGRESSIVE;
				GCC_WARN_UNUSED_FUNCTION = YES;
				GCC_WARN_UNUSED_VARIABLE = YES;
				IPHONEOS_DEPLOYMENT_TARGET = 10.3;
				MTL_ENABLE_DEBUG_INFO = NO;
				SDKROOT = iphoneos;
				SWIFT_OPTIMIZATION_LEVEL = "-Owholemodule";
				VALIDATE_PRODUCT = YES;
			};
			name = Release;
		};
		8416202B1F1500D300ADAAAD /* Debug */ = {
			isa = XCBuildConfiguration;
			baseConfigurationReference = 49BA8DE5497DC13BC5B5DEB3 /* Pods-TokopediaDemo.debug.xcconfig */;
			buildSettings = {
				ASSETCATALOG_COMPILER_APPICON_NAME = AppIcon;
				DEVELOPMENT_TEAM = 2BUF3G8WJB;
				HEADER_SEARCH_PATHS = "";
				INFOPLIST_FILE = TokopediaDemo/Info.plist;
				LD_RUNPATH_SEARCH_PATHS = "$(inherited) @executable_path/Frameworks";
				PRODUCT_BUNDLE_IDENTIFIER = tokopedia.TokopediaDemo;
				PRODUCT_NAME = "$(TARGET_NAME)";
				SWIFT_OBJC_BRIDGING_HEADER = TokopediaDemo/TokopediaDemo_Bridging_Header.h;
				SWIFT_VERSION = 3.0;
			};
			name = Debug;
		};
		8416202C1F1500D300ADAAAD /* Release */ = {
			isa = XCBuildConfiguration;
			baseConfigurationReference = B5E67FF05BCE7A6EE30AD0C2 /* Pods-TokopediaDemo.release.xcconfig */;
			buildSettings = {
				ASSETCATALOG_COMPILER_APPICON_NAME = AppIcon;
				DEVELOPMENT_TEAM = 2BUF3G8WJB;
				HEADER_SEARCH_PATHS = "";
				INFOPLIST_FILE = TokopediaDemo/Info.plist;
				LD_RUNPATH_SEARCH_PATHS = "$(inherited) @executable_path/Frameworks";
				PRODUCT_BUNDLE_IDENTIFIER = tokopedia.TokopediaDemo;
				PRODUCT_NAME = "$(TARGET_NAME)";
				SWIFT_OBJC_BRIDGING_HEADER = TokopediaDemo/TokopediaDemo_Bridging_Header.h;
				SWIFT_VERSION = 3.0;
			};
			name = Release;
		};
		8416202E1F1500D300ADAAAD /* Debug */ = {
			isa = XCBuildConfiguration;
			buildSettings = {
				ALWAYS_EMBED_SWIFT_STANDARD_LIBRARIES = YES;
				BUNDLE_LOADER = "$(TEST_HOST)";
				DEVELOPMENT_TEAM = 2BUF3G8WJB;
				INFOPLIST_FILE = TokopediaDemoTests/Info.plist;
				LD_RUNPATH_SEARCH_PATHS = "$(inherited) @executable_path/Frameworks @loader_path/Frameworks";
				PRODUCT_BUNDLE_IDENTIFIER = tokopedia.TokopediaDemoTests;
				PRODUCT_NAME = "$(TARGET_NAME)";
				SWIFT_VERSION = 3.0;
				TEST_HOST = "$(BUILT_PRODUCTS_DIR)/TokopediaDemo.app/TokopediaDemo";
			};
			name = Debug;
		};
		8416202F1F1500D300ADAAAD /* Release */ = {
			isa = XCBuildConfiguration;
			buildSettings = {
				ALWAYS_EMBED_SWIFT_STANDARD_LIBRARIES = YES;
				BUNDLE_LOADER = "$(TEST_HOST)";
				DEVELOPMENT_TEAM = 2BUF3G8WJB;
				INFOPLIST_FILE = TokopediaDemoTests/Info.plist;
				LD_RUNPATH_SEARCH_PATHS = "$(inherited) @executable_path/Frameworks @loader_path/Frameworks";
				PRODUCT_BUNDLE_IDENTIFIER = tokopedia.TokopediaDemoTests;
				PRODUCT_NAME = "$(TARGET_NAME)";
				SWIFT_VERSION = 3.0;
				TEST_HOST = "$(BUILT_PRODUCTS_DIR)/TokopediaDemo.app/TokopediaDemo";
			};
			name = Release;
		};
		841620311F1500D300ADAAAD /* Debug */ = {
			isa = XCBuildConfiguration;
			buildSettings = {
				ALWAYS_EMBED_SWIFT_STANDARD_LIBRARIES = YES;
				DEVELOPMENT_TEAM = 2BUF3G8WJB;
				INFOPLIST_FILE = TokopediaDemoUITests/Info.plist;
				LD_RUNPATH_SEARCH_PATHS = "$(inherited) @executable_path/Frameworks @loader_path/Frameworks";
				PRODUCT_BUNDLE_IDENTIFIER = tokopedia.TokopediaDemoUITests;
				PRODUCT_NAME = "$(TARGET_NAME)";
				SWIFT_VERSION = 3.0;
				TEST_TARGET_NAME = TokopediaDemo;
			};
			name = Debug;
		};
		841620321F1500D300ADAAAD /* Release */ = {
			isa = XCBuildConfiguration;
			buildSettings = {
				ALWAYS_EMBED_SWIFT_STANDARD_LIBRARIES = YES;
				DEVELOPMENT_TEAM = 2BUF3G8WJB;
				INFOPLIST_FILE = TokopediaDemoUITests/Info.plist;
				LD_RUNPATH_SEARCH_PATHS = "$(inherited) @executable_path/Frameworks @loader_path/Frameworks";
				PRODUCT_BUNDLE_IDENTIFIER = tokopedia.TokopediaDemoUITests;
				PRODUCT_NAME = "$(TARGET_NAME)";
				SWIFT_VERSION = 3.0;
				TEST_TARGET_NAME = TokopediaDemo;
			};
			name = Release;
		};
/* End XCBuildConfiguration section */

/* Begin XCConfigurationList section */
		84161FFD1F1500D200ADAAAD /* Build configuration list for PBXProject "TokopediaDemo" */ = {
			isa = XCConfigurationList;
			buildConfigurations = (
				841620281F1500D300ADAAAD /* Debug */,
				841620291F1500D300ADAAAD /* Release */,
			);
			defaultConfigurationIsVisible = 0;
			defaultConfigurationName = Release;
		};
		8416202A1F1500D300ADAAAD /* Build configuration list for PBXNativeTarget "TokopediaDemo" */ = {
			isa = XCConfigurationList;
			buildConfigurations = (
				8416202B1F1500D300ADAAAD /* Debug */,
				8416202C1F1500D300ADAAAD /* Release */,
			);
			defaultConfigurationIsVisible = 0;
			defaultConfigurationName = Release;
		};
		8416202D1F1500D300ADAAAD /* Build configuration list for PBXNativeTarget "TokopediaDemoTests" */ = {
			isa = XCConfigurationList;
			buildConfigurations = (
				8416202E1F1500D300ADAAAD /* Debug */,
				8416202F1F1500D300ADAAAD /* Release */,
			);
			defaultConfigurationIsVisible = 0;
			defaultConfigurationName = Release;
		};
		841620301F1500D300ADAAAD /* Build configuration list for PBXNativeTarget "TokopediaDemoUITests" */ = {
			isa = XCConfigurationList;
			buildConfigurations = (
				841620311F1500D300ADAAAD /* Debug */,
				841620321F1500D300ADAAAD /* Release */,
			);
			defaultConfigurationIsVisible = 0;
			defaultConfigurationName = Release;
		};
/* End XCConfigurationList section */
	};
	rootObject = 84161FFA1F1500D200ADAAAD /* Project object */;
}
